// !$*UTF8*$!
{
	archiveVersion = 1;
	classes = {
	};
	objectVersion = 55;
	objects = {

/* Begin PBXBuildFile section */
		12774C9429D1FE3D00C5385B /* Beach Points .app in Embed Watch Content */ = {isa = PBXBuildFile; fileRef = 12774C9329D1FE3D00C5385B /* Beach Points .app */; settings = {ATTRIBUTES = (RemoveHeadersOnCopy, ); }; };
		12774C9929D1FE5B00C5385B /* Assets.xcassets in Resources */ = {isa = PBXBuildFile; fileRef = 12774C9829D1FE5B00C5385B /* Assets.xcassets */; };
		12774C9F29D1FE5C00C5385B /* Beach Points WatchKit Extension.appex in Embed App Extensions */ = {isa = PBXBuildFile; fileRef = 12774C9E29D1FE5C00C5385B /* Beach Points WatchKit Extension.appex */; settings = {ATTRIBUTES = (RemoveHeadersOnCopy, ); }; };
		12774CA429D1FE5C00C5385B /* ContentView.swift in Sources */ = {isa = PBXBuildFile; fileRef = 12774CA329D1FE5C00C5385B /* ContentView.swift */; };
		12774CA629D1FE5C00C5385B /* Beach_PointsApp.swift in Sources */ = {isa = PBXBuildFile; fileRef = 12774CA529D1FE5C00C5385B /* Beach_PointsApp.swift */; };
		12774CA829D1FE5C00C5385B /* ComplicationController.swift in Sources */ = {isa = PBXBuildFile; fileRef = 12774CA729D1FE5C00C5385B /* ComplicationController.swift */; };
		12774CAA29D1FE5E00C5385B /* Assets.xcassets in Resources */ = {isa = PBXBuildFile; fileRef = 12774CA929D1FE5E00C5385B /* Assets.xcassets */; };
		12774CAD29D1FE5E00C5385B /* Preview Assets.xcassets in Resources */ = {isa = PBXBuildFile; fileRef = 12774CAC29D1FE5E00C5385B /* Preview Assets.xcassets */; };
/* End PBXBuildFile section */

/* Begin PBXContainerItemProxy section */
		12774C9529D1FE3D00C5385B /* PBXContainerItemProxy */ = {
			isa = PBXContainerItemProxy;
			containerPortal = 12774C8929D1FE3600C5385B /* Project object */;
			proxyType = 1;
			remoteGlobalIDString = 12774C9229D1FE3D00C5385B;
			remoteInfo = "Beach Points WatchKit App";
		};
		12774CA029D1FE5C00C5385B /* PBXContainerItemProxy */ = {
			isa = PBXContainerItemProxy;
			containerPortal = 12774C8929D1FE3600C5385B /* Project object */;
			proxyType = 1;
			remoteGlobalIDString = 12774C9D29D1FE5C00C5385B;
			remoteInfo = "Beach Points WatchKit Extension";
		};
/* End PBXContainerItemProxy section */

/* Begin PBXCopyFilesBuildPhase section */
		12774CB429D1FE5F00C5385B /* Embed App Extensions */ = {
			isa = PBXCopyFilesBuildPhase;
			buildActionMask = 2147483647;
			dstPath = "";
			dstSubfolderSpec = 13;
			files = (
				12774C9F29D1FE5C00C5385B /* Beach Points WatchKit Extension.appex in Embed App Extensions */,
			);
			name = "Embed App Extensions";
			runOnlyForDeploymentPostprocessing = 0;
		};
		12774CB829D1FE5F00C5385B /* Embed Watch Content */ = {
			isa = PBXCopyFilesBuildPhase;
			buildActionMask = 2147483647;
			dstPath = "$(CONTENTS_FOLDER_PATH)/Watch";
			dstSubfolderSpec = 16;
			files = (
				12774C9429D1FE3D00C5385B /* Beach Points .app in Embed Watch Content */,
			);
			name = "Embed Watch Content";
			runOnlyForDeploymentPostprocessing = 0;
		};
/* End PBXCopyFilesBuildPhase section */

/* Begin PBXFileReference section */
		12774C8F29D1FE3600C5385B /* Beach Points.app */ = {isa = PBXFileReference; explicitFileType = wrapper.application; includeInIndex = 0; path = "Beach Points.app"; sourceTree = BUILT_PRODUCTS_DIR; };
		12774C9329D1FE3D00C5385B /* Beach Points .app */ = {isa = PBXFileReference; explicitFileType = wrapper.application; includeInIndex = 0; path = "Beach Points .app"; sourceTree = BUILT_PRODUCTS_DIR; };
		12774C9829D1FE5B00C5385B /* Assets.xcassets */ = {isa = PBXFileReference; lastKnownFileType = folder.assetcatalog; path = Assets.xcassets; sourceTree = "<group>"; };
		12774C9E29D1FE5C00C5385B /* Beach Points WatchKit Extension.appex */ = {isa = PBXFileReference; explicitFileType = "wrapper.app-extension"; includeInIndex = 0; path = "Beach Points WatchKit Extension.appex"; sourceTree = BUILT_PRODUCTS_DIR; };
		12774CA329D1FE5C00C5385B /* ContentView.swift */ = {isa = PBXFileReference; lastKnownFileType = sourcecode.swift; path = ContentView.swift; sourceTree = "<group>"; };
		12774CA529D1FE5C00C5385B /* Beach_PointsApp.swift */ = {isa = PBXFileReference; lastKnownFileType = sourcecode.swift; path = Beach_PointsApp.swift; sourceTree = "<group>"; };
		12774CA729D1FE5C00C5385B /* ComplicationController.swift */ = {isa = PBXFileReference; lastKnownFileType = sourcecode.swift; path = ComplicationController.swift; sourceTree = "<group>"; };
		12774CA929D1FE5E00C5385B /* Assets.xcassets */ = {isa = PBXFileReference; lastKnownFileType = folder.assetcatalog; path = Assets.xcassets; sourceTree = "<group>"; };
		12774CAC29D1FE5E00C5385B /* Preview Assets.xcassets */ = {isa = PBXFileReference; lastKnownFileType = folder.assetcatalog; path = "Preview Assets.xcassets"; sourceTree = "<group>"; };
		12774CAE29D1FE5E00C5385B /* Info.plist */ = {isa = PBXFileReference; lastKnownFileType = text.plist.xml; path = Info.plist; sourceTree = "<group>"; };
/* End PBXFileReference section */

/* Begin PBXFrameworksBuildPhase section */
		12774C9B29D1FE5C00C5385B /* Frameworks */ = {
			isa = PBXFrameworksBuildPhase;
			buildActionMask = 2147483647;
			files = (
			);
			runOnlyForDeploymentPostprocessing = 0;
		};
/* End PBXFrameworksBuildPhase section */

/* Begin PBXGroup section */
		12774C8829D1FE3600C5385B = {
			isa = PBXGroup;
			children = (
				12774C9729D1FE3D00C5385B /* Beach Points WatchKit App */,
				12774CA229D1FE5C00C5385B /* Beach Points WatchKit Extension */,
				12774C9029D1FE3700C5385B /* Products */,
			);
			sourceTree = "<group>";
		};
		12774C9029D1FE3700C5385B /* Products */ = {
			isa = PBXGroup;
			children = (
				12774C8F29D1FE3600C5385B /* Beach Points.app */,
				12774C9329D1FE3D00C5385B /* Beach Points .app */,
				12774C9E29D1FE5C00C5385B /* Beach Points WatchKit Extension.appex */,
			);
			name = Products;
			sourceTree = "<group>";
		};
		12774C9729D1FE3D00C5385B /* Beach Points WatchKit App */ = {
			isa = PBXGroup;
			children = (
				12774C9829D1FE5B00C5385B /* Assets.xcassets */,
			);
			path = "Beach Points WatchKit App";
			sourceTree = "<group>";
		};
		12774CA229D1FE5C00C5385B /* Beach Points WatchKit Extension */ = {
			isa = PBXGroup;
			children = (
				12774CA329D1FE5C00C5385B /* ContentView.swift */,
				12774CA529D1FE5C00C5385B /* Beach_PointsApp.swift */,
				12774CA729D1FE5C00C5385B /* ComplicationController.swift */,
				12774CA929D1FE5E00C5385B /* Assets.xcassets */,
				12774CAE29D1FE5E00C5385B /* Info.plist */,
				12774CAB29D1FE5E00C5385B /* Preview Content */,
			);
			path = "Beach Points WatchKit Extension";
			sourceTree = "<group>";
		};
		12774CAB29D1FE5E00C5385B /* Preview Content */ = {
			isa = PBXGroup;
			children = (
				12774CAC29D1FE5E00C5385B /* Preview Assets.xcassets */,
			);
			path = "Preview Content";
			sourceTree = "<group>";
		};
/* End PBXGroup section */

/* Begin PBXNativeTarget section */
		12774C8E29D1FE3600C5385B /* Beach Points */ = {
			isa = PBXNativeTarget;
			buildConfigurationList = 12774CB929D1FE5F00C5385B /* Build configuration list for PBXNativeTarget "Beach Points" */;
			buildPhases = (
				12774C8D29D1FE3600C5385B /* Resources */,
				12774CB829D1FE5F00C5385B /* Embed Watch Content */,
			);
			buildRules = (
			);
			dependencies = (
				12774C9629D1FE3D00C5385B /* PBXTargetDependency */,
			);
			name = "Beach Points";
			productName = "Beach Points";
			productReference = 12774C8F29D1FE3600C5385B /* Beach Points.app */;
			productType = "com.apple.product-type.application.watchapp2-container";
		};
		12774C9229D1FE3D00C5385B /* Beach Points WatchKit App */ = {
			isa = PBXNativeTarget;
			buildConfigurationList = 12774CB529D1FE5F00C5385B /* Build configuration list for PBXNativeTarget "Beach Points WatchKit App" */;
			buildPhases = (
				12774C9129D1FE3D00C5385B /* Resources */,
				12774CB429D1FE5F00C5385B /* Embed App Extensions */,
			);
			buildRules = (
			);
			dependencies = (
				12774CA129D1FE5C00C5385B /* PBXTargetDependency */,
			);
			name = "Beach Points WatchKit App";
			productName = "Beach Points WatchKit App";
			productReference = 12774C9329D1FE3D00C5385B /* Beach Points .app */;
			productType = "com.apple.product-type.application.watchapp2";
		};
		12774C9D29D1FE5C00C5385B /* Beach Points WatchKit Extension */ = {
			isa = PBXNativeTarget;
			buildConfigurationList = 12774CB129D1FE5F00C5385B /* Build configuration list for PBXNativeTarget "Beach Points WatchKit Extension" */;
			buildPhases = (
				12774C9A29D1FE5C00C5385B /* Sources */,
				12774C9B29D1FE5C00C5385B /* Frameworks */,
				12774C9C29D1FE5C00C5385B /* Resources */,
			);
			buildRules = (
			);
			dependencies = (
			);
			name = "Beach Points WatchKit Extension";
			productName = "Beach Points WatchKit Extension";
			productReference = 12774C9E29D1FE5C00C5385B /* Beach Points WatchKit Extension.appex */;
			productType = "com.apple.product-type.watchkit2-extension";
		};
/* End PBXNativeTarget section */

/* Begin PBXProject section */
		12774C8929D1FE3600C5385B /* Project object */ = {
			isa = PBXProject;
			attributes = {
				BuildIndependentTargetsInParallel = 1;
				LastSwiftUpdateCheck = 1300;
				LastUpgradeCheck = 1300;
				TargetAttributes = {
					12774C8E29D1FE3600C5385B = {
						CreatedOnToolsVersion = 13.0;
					};
					12774C9229D1FE3D00C5385B = {
						CreatedOnToolsVersion = 13.0;
					};
					12774C9D29D1FE5C00C5385B = {
						CreatedOnToolsVersion = 13.0;
					};
				};
			};
			buildConfigurationList = 12774C8C29D1FE3600C5385B /* Build configuration list for PBXProject "Beach Points" */;
			compatibilityVersion = "Xcode 13.0";
			developmentRegion = en;
			hasScannedForEncodings = 0;
			knownRegions = (
				en,
				Base,
			);
			mainGroup = 12774C8829D1FE3600C5385B;
			productRefGroup = 12774C9029D1FE3700C5385B /* Products */;
			projectDirPath = "";
			projectRoot = "";
			targets = (
				12774C8E29D1FE3600C5385B /* Beach Points */,
				12774C9229D1FE3D00C5385B /* Beach Points WatchKit App */,
				12774C9D29D1FE5C00C5385B /* Beach Points WatchKit Extension */,
			);
		};
/* End PBXProject section */

/* Begin PBXResourcesBuildPhase section */
		12774C8D29D1FE3600C5385B /* Resources */ = {
			isa = PBXResourcesBuildPhase;
			buildActionMask = 2147483647;
			files = (
			);
			runOnlyForDeploymentPostprocessing = 0;
		};
		12774C9129D1FE3D00C5385B /* Resources */ = {
			isa = PBXResourcesBuildPhase;
			buildActionMask = 2147483647;
			files = (
				12774C9929D1FE5B00C5385B /* Assets.xcassets in Resources */,
			);
			runOnlyForDeploymentPostprocessing = 0;
		};
		12774C9C29D1FE5C00C5385B /* Resources */ = {
			isa = PBXResourcesBuildPhase;
			buildActionMask = 2147483647;
			files = (
				12774CAD29D1FE5E00C5385B /* Preview Assets.xcassets in Resources */,
				12774CAA29D1FE5E00C5385B /* Assets.xcassets in Resources */,
			);
			runOnlyForDeploymentPostprocessing = 0;
		};
/* End PBXResourcesBuildPhase section */

/* Begin PBXSourcesBuildPhase section */
		12774C9A29D1FE5C00C5385B /* Sources */ = {
			isa = PBXSourcesBuildPhase;
			buildActionMask = 2147483647;
			files = (
				12774CA629D1FE5C00C5385B /* Beach_PointsApp.swift in Sources */,
				12774CA429D1FE5C00C5385B /* ContentView.swift in Sources */,
				12774CA829D1FE5C00C5385B /* ComplicationController.swift in Sources */,
			);
			runOnlyForDeploymentPostprocessing = 0;
		};
/* End PBXSourcesBuildPhase section */

/* Begin PBXTargetDependency section */
		12774C9629D1FE3D00C5385B /* PBXTargetDependency */ = {
			isa = PBXTargetDependency;
			target = 12774C9229D1FE3D00C5385B /* Beach Points WatchKit App */;
			targetProxy = 12774C9529D1FE3D00C5385B /* PBXContainerItemProxy */;
		};
		12774CA129D1FE5C00C5385B /* PBXTargetDependency */ = {
			isa = PBXTargetDependency;
			target = 12774C9D29D1FE5C00C5385B /* Beach Points WatchKit Extension */;
			targetProxy = 12774CA029D1FE5C00C5385B /* PBXContainerItemProxy */;
		};
/* End PBXTargetDependency section */

/* Begin XCBuildConfiguration section */
		12774CAF29D1FE5F00C5385B /* Debug */ = {
			isa = XCBuildConfiguration;
			buildSettings = {
				ALWAYS_SEARCH_USER_PATHS = NO;
				CLANG_ANALYZER_NONNULL = YES;
				CLANG_ANALYZER_NUMBER_OBJECT_CONVERSION = YES_AGGRESSIVE;
				CLANG_CXX_LANGUAGE_STANDARD = "gnu++17";
				CLANG_CXX_LIBRARY = "libc++";
				CLANG_ENABLE_MODULES = YES;
				CLANG_ENABLE_OBJC_ARC = YES;
				CLANG_ENABLE_OBJC_WEAK = YES;
				CLANG_WARN_BLOCK_CAPTURE_AUTORELEASING = YES;
				CLANG_WARN_BOOL_CONVERSION = YES;
				CLANG_WARN_COMMA = YES;
				CLANG_WARN_CONSTANT_CONVERSION = YES;
				CLANG_WARN_DEPRECATED_OBJC_IMPLEMENTATIONS = YES;
				CLANG_WARN_DIRECT_OBJC_ISA_USAGE = YES_ERROR;
				CLANG_WARN_DOCUMENTATION_COMMENTS = YES;
				CLANG_WARN_EMPTY_BODY = YES;
				CLANG_WARN_ENUM_CONVERSION = YES;
				CLANG_WARN_INFINITE_RECURSION = YES;
				CLANG_WARN_INT_CONVERSION = YES;
				CLANG_WARN_NON_LITERAL_NULL_CONVERSION = YES;
				CLANG_WARN_OBJC_IMPLICIT_RETAIN_SELF = YES;
				CLANG_WARN_OBJC_LITERAL_CONVERSION = YES;
				CLANG_WARN_OBJC_ROOT_CLASS = YES_ERROR;
				CLANG_WARN_QUOTED_INCLUDE_IN_FRAMEWORK_HEADER = YES;
				CLANG_WARN_RANGE_LOOP_ANALYSIS = YES;
				CLANG_WARN_STRICT_PROTOTYPES = YES;
				CLANG_WARN_SUSPICIOUS_MOVE = YES;
				CLANG_WARN_UNGUARDED_AVAILABILITY = YES_AGGRESSIVE;
				CLANG_WARN_UNREACHABLE_CODE = YES;
				CLANG_WARN__DUPLICATE_METHOD_MATCH = YES;
				COPY_PHASE_STRIP = NO;
				DEBUG_INFORMATION_FORMAT = dwarf;
				ENABLE_STRICT_OBJC_MSGSEND = YES;
				ENABLE_TESTABILITY = YES;
				GCC_C_LANGUAGE_STANDARD = gnu11;
				GCC_DYNAMIC_NO_PIC = NO;
				GCC_NO_COMMON_BLOCKS = YES;
				GCC_OPTIMIZATION_LEVEL = 0;
				GCC_PREPROCESSOR_DEFINITIONS = (
					"DEBUG=1",
					"$(inherited)",
				);
				GCC_WARN_64_TO_32_BIT_CONVERSION = YES;
				GCC_WARN_ABOUT_RETURN_TYPE = YES_ERROR;
				GCC_WARN_UNDECLARED_SELECTOR = YES;
				GCC_WARN_UNINITIALIZED_AUTOS = YES_AGGRESSIVE;
				GCC_WARN_UNUSED_FUNCTION = YES;
				GCC_WARN_UNUSED_VARIABLE = YES;
				MTL_ENABLE_DEBUG_INFO = INCLUDE_SOURCE;
				MTL_FAST_MATH = YES;
				ONLY_ACTIVE_ARCH = NO;
				SDKROOT = iphoneos;
				SWIFT_ACTIVE_COMPILATION_CONDITIONS = DEBUG;
				SWIFT_OPTIMIZATION_LEVEL = "-Onone";
			};
			name = Debug;
		};
		12774CB029D1FE5F00C5385B /* Release */ = {
			isa = XCBuildConfiguration;
			buildSettings = {
				ALWAYS_SEARCH_USER_PATHS = NO;
				CLANG_ANALYZER_NONNULL = YES;
				CLANG_ANALYZER_NUMBER_OBJECT_CONVERSION = YES_AGGRESSIVE;
				CLANG_CXX_LANGUAGE_STANDARD = "gnu++17";
				CLANG_CXX_LIBRARY = "libc++";
				CLANG_ENABLE_MODULES = YES;
				CLANG_ENABLE_OBJC_ARC = YES;
				CLANG_ENABLE_OBJC_WEAK = YES;
				CLANG_WARN_BLOCK_CAPTURE_AUTORELEASING = YES;
				CLANG_WARN_BOOL_CONVERSION = YES;
				CLANG_WARN_COMMA = YES;
				CLANG_WARN_CONSTANT_CONVERSION = YES;
				CLANG_WARN_DEPRECATED_OBJC_IMPLEMENTATIONS = YES;
				CLANG_WARN_DIRECT_OBJC_ISA_USAGE = YES_ERROR;
				CLANG_WARN_DOCUMENTATION_COMMENTS = YES;
				CLANG_WARN_EMPTY_BODY = YES;
				CLANG_WARN_ENUM_CONVERSION = YES;
				CLANG_WARN_INFINITE_RECURSION = YES;
				CLANG_WARN_INT_CONVERSION = YES;
				CLANG_WARN_NON_LITERAL_NULL_CONVERSION = YES;
				CLANG_WARN_OBJC_IMPLICIT_RETAIN_SELF = YES;
				CLANG_WARN_OBJC_LITERAL_CONVERSION = YES;
				CLANG_WARN_OBJC_ROOT_CLASS = YES_ERROR;
				CLANG_WARN_QUOTED_INCLUDE_IN_FRAMEWORK_HEADER = YES;
				CLANG_WARN_RANGE_LOOP_ANALYSIS = YES;
				CLANG_WARN_STRICT_PROTOTYPES = YES;
				CLANG_WARN_SUSPICIOUS_MOVE = YES;
				CLANG_WARN_UNGUARDED_AVAILABILITY = YES_AGGRESSIVE;
				CLANG_WARN_UNREACHABLE_CODE = YES;
				CLANG_WARN__DUPLICATE_METHOD_MATCH = YES;
				COPY_PHASE_STRIP = NO;
				DEBUG_INFORMATION_FORMAT = "dwarf-with-dsym";
				ENABLE_NS_ASSERTIONS = NO;
				ENABLE_STRICT_OBJC_MSGSEND = YES;
				GCC_C_LANGUAGE_STANDARD = gnu11;
				GCC_NO_COMMON_BLOCKS = YES;
				GCC_WARN_64_TO_32_BIT_CONVERSION = YES;
				GCC_WARN_ABOUT_RETURN_TYPE = YES_ERROR;
				GCC_WARN_UNDECLARED_SELECTOR = YES;
				GCC_WARN_UNINITIALIZED_AUTOS = YES_AGGRESSIVE;
				GCC_WARN_UNUSED_FUNCTION = YES;
				GCC_WARN_UNUSED_VARIABLE = YES;
				MTL_ENABLE_DEBUG_INFO = NO;
				MTL_FAST_MATH = YES;
				ONLY_ACTIVE_ARCH = NO;
				SDKROOT = iphoneos;
				SWIFT_COMPILATION_MODE = wholemodule;
				SWIFT_OPTIMIZATION_LEVEL = "-O";
				VALIDATE_PRODUCT = YES;
			};
			name = Release;
		};
		12774CB229D1FE5F00C5385B /* Debug */ = {
			isa = XCBuildConfiguration;
			buildSettings = {
				ASSETCATALOG_COMPILER_COMPLICATION_NAME = Complication;
				CODE_SIGN_STYLE = Automatic;
				CURRENT_PROJECT_VERSION = 1;
				DEVELOPMENT_ASSET_PATHS = "\"Beach Points WatchKit Extension/Preview Content\"";
				ENABLE_PREVIEWS = YES;
				GENERATE_INFOPLIST_FILE = YES;
				INFOPLIST_FILE = "Beach Points WatchKit Extension/Info.plist";
				INFOPLIST_KEY_CFBundleDisplayName = "Beach Points WatchKit Extension";
				INFOPLIST_KEY_CLKComplicationPrincipalClass = "$(PRODUCT_MODULE_NAME).ComplicationController";
				INFOPLIST_KEY_NSHumanReadableCopyright = "";
				INFOPLIST_KEY_WKWatchOnly = YES;
				LD_RUNPATH_SEARCH_PATHS = (
					"$(inherited)",
					"@executable_path/Frameworks",
					"@executable_path/../../Frameworks",
				);
				MARKETING_VERSION = 1.0;
				PRODUCT_BUNDLE_IDENTIFIER = "Thales.Beach-Points.watchkitapp.watchkitextension";
				PRODUCT_NAME = "${TARGET_NAME}";
				SDKROOT = watchos;
				SKIP_INSTALL = YES;
				SWIFT_EMIT_LOC_STRINGS = YES;
				SWIFT_VERSION = 5.0;
				TARGETED_DEVICE_FAMILY = 4;
				WATCHOS_DEPLOYMENT_TARGET = 8.0;
			};
			name = Debug;
		};
		12774CB329D1FE5F00C5385B /* Release */ = {
			isa = XCBuildConfiguration;
			buildSettings = {
				ASSETCATALOG_COMPILER_COMPLICATION_NAME = Complication;
				CODE_SIGN_STYLE = Automatic;
				CURRENT_PROJECT_VERSION = 1;
				DEVELOPMENT_ASSET_PATHS = "\"Beach Points WatchKit Extension/Preview Content\"";
				ENABLE_PREVIEWS = YES;
				GENERATE_INFOPLIST_FILE = YES;
				INFOPLIST_FILE = "Beach Points WatchKit Extension/Info.plist";
				INFOPLIST_KEY_CFBundleDisplayName = "Beach Points WatchKit Extension";
				INFOPLIST_KEY_CLKComplicationPrincipalClass = "$(PRODUCT_MODULE_NAME).ComplicationController";
				INFOPLIST_KEY_NSHumanReadableCopyright = "";
				INFOPLIST_KEY_WKWatchOnly = YES;
				LD_RUNPATH_SEARCH_PATHS = (
					"$(inherited)",
					"@executable_path/Frameworks",
					"@executable_path/../../Frameworks",
				);
				MARKETING_VERSION = 1.0;
				PRODUCT_BUNDLE_IDENTIFIER = "Thales.Beach-Points.watchkitapp.watchkitextension";
				PRODUCT_NAME = "${TARGET_NAME}";
				SDKROOT = watchos;
				SKIP_INSTALL = YES;
				SWIFT_EMIT_LOC_STRINGS = YES;
				SWIFT_VERSION = 5.0;
				TARGETED_DEVICE_FAMILY = 4;
				WATCHOS_DEPLOYMENT_TARGET = 8.0;
			};
			name = Release;
		};
		12774CB629D1FE5F00C5385B /* Debug */ = {
			isa = XCBuildConfiguration;
			buildSettings = {
				ALWAYS_EMBED_SWIFT_STANDARD_LIBRARIES = YES;
				ASSETCATALOG_COMPILER_APPICON_NAME = AppIcon;
				ASSETCATALOG_COMPILER_GLOBAL_ACCENT_COLOR_NAME = AccentColor;
				CODE_SIGN_STYLE = Manual;
				CURRENT_PROJECT_VERSION = 1;
				DEVELOPMENT_TEAM = "";
				GENERATE_INFOPLIST_FILE = YES;
				IBSC_MODULE = Beach_Points_WatchKit_Extension;
				INFOPLIST_KEY_UISupportedInterfaceOrientations = "UIInterfaceOrientationPortrait UIInterfaceOrientationPortraitUpsideDown";
				MARKETING_VERSION = 1.0;
				PRODUCT_BUNDLE_IDENTIFIER = "Thales.Beach-Points.watchkitapp";
				PRODUCT_NAME = "Beach Points ";
				PROVISIONING_PROFILE_SPECIFIER = "";
				SDKROOT = watchos;
				SKIP_INSTALL = YES;
				SWIFT_EMIT_LOC_STRINGS = YES;
				SWIFT_VERSION = 5.0;
				TARGETED_DEVICE_FAMILY = 4;
				WATCHOS_DEPLOYMENT_TARGET = 8.0;
			};
			name = Debug;
		};
		12774CB729D1FE5F00C5385B /* Release */ = {
			isa = XCBuildConfiguration;
			buildSettings = {
				ALWAYS_EMBED_SWIFT_STANDARD_LIBRARIES = YES;
				ASSETCATALOG_COMPILER_APPICON_NAME = AppIcon;
				ASSETCATALOG_COMPILER_GLOBAL_ACCENT_COLOR_NAME = AccentColor;
				CODE_SIGN_IDENTITY = "Apple Development";
				CODE_SIGN_STYLE = Automatic;
				CURRENT_PROJECT_VERSION = 1;
				DEVELOPMENT_TEAM = DB57DWN8A3;
				GENERATE_INFOPLIST_FILE = YES;
				IBSC_MODULE = Beach_Points_WatchKit_Extension;
				INFOPLIST_KEY_UISupportedInterfaceOrientations = "UIInterfaceOrientationPortrait UIInterfaceOrientationPortraitUpsideDown";
				MARKETING_VERSION = 1.0;
				PRODUCT_BUNDLE_IDENTIFIER = "Thales.Beach-Points.watchkitapp";
				PRODUCT_NAME = "Beach Points ";
				PROVISIONING_PROFILE_SPECIFIER = "";
				SDKROOT = watchos;
				SKIP_INSTALL = YES;
				SWIFT_EMIT_LOC_STRINGS = YES;
				SWIFT_VERSION = 5.0;
				TARGETED_DEVICE_FAMILY = 4;
				WATCHOS_DEPLOYMENT_TARGET = 8.0;
			};
			name = Release;
		};
		12774CBA29D1FE5F00C5385B /* Debug */ = {
			isa = XCBuildConfiguration;
			buildSettings = {
				CODE_SIGN_STYLE = Automatic;
				CURRENT_PROJECT_VERSION = 1;
				MARKETING_VERSION = 1.0;
				PRODUCT_BUNDLE_IDENTIFIER = "Thales.Beach-Points";
				PRODUCT_NAME = "$(TARGET_NAME)";
				SWIFT_VERSION = 5.0;
			};
			name = Debug;
		};
		12774CBB29D1FE5F00C5385B /* Release */ = {
			isa = XCBuildConfiguration;
			buildSettings = {
				CODE_SIGN_STYLE = Automatic;
				CURRENT_PROJECT_VERSION = 1;
				DEVELOPMENT_TEAM = DB57DWN8A3;
				MARKETING_VERSION = 1.0;
				PRODUCT_BUNDLE_IDENTIFIER = "Thales.Beach-Points";
				PRODUCT_NAME = "$(TARGET_NAME)";
				SWIFT_VERSION = 5.0;
			};
			name = Release;
		};
/* End XCBuildConfiguration section */

/* Begin XCConfigurationList section */
		12774C8C29D1FE3600C5385B /* Build configuration list for PBXProject "Beach Points" */ = {
			isa = XCConfigurationList;
			buildConfigurations = (
				12774CAF29D1FE5F00C5385B /* Debug */,
				12774CB029D1FE5F00C5385B /* Release */,
			);
			defaultConfigurationIsVisible = 0;
			defaultConfigurationName = Release;
		};
		12774CB129D1FE5F00C5385B /* Build configuration list for PBXNativeTarget "Beach Points WatchKit Extension" */ = {
			isa = XCConfigurationList;
			buildConfigurations = (
				12774CB229D1FE5F00C5385B /* Debug */,
				12774CB329D1FE5F00C5385B /* Release */,
			);
			defaultConfigurationIsVisible = 0;
			defaultConfigurationName = Release;
		};
		12774CB529D1FE5F00C5385B /* Build configuration list for PBXNativeTarget "Beach Points WatchKit App" */ = {
			isa = XCConfigurationList;
			buildConfigurations = (
				12774CB629D1FE5F00C5385B /* Debug */,
				12774CB729D1FE5F00C5385B /* Release */,
			);
			defaultConfigurationIsVisible = 0;
			defaultConfigurationName = Release;
		};
		12774CB929D1FE5F00C5385B /* Build configuration list for PBXNativeTarget "Beach Points" */ = {
			isa = XCConfigurationList;
			buildConfigurations = (
				12774CBA29D1FE5F00C5385B /* Debug */,
				12774CBB29D1FE5F00C5385B /* Release */,
			);
			defaultConfigurationIsVisible = 0;
			defaultConfigurationName = Release;
		};
/* End XCConfigurationList section */
	};
	rootObject = 12774C8929D1FE3600C5385B /* Project object */;
}
